{
  "name": "example-vex-elixir",
  "lockfileVersion": 2,
  "requires": true,
  "packages": {
    "": {
      "dependencies": {
        "@vex.dev/web-sdk": "^2.0.1"
      }
    },
    "node_modules/@vex.dev/web-sdk": {
      "version": "2.0.1",
      "resolved": "https://registry.npmjs.org/@vex.dev/web-sdk/-/web-sdk-2.0.1.tgz",
      "integrity": "sha512-geQb4DVLGOTJsYFVOXHYApnW01c79Wv7EGMh27EGfzoMePyLSM5sL043239MjdiTNUsiwomRvfCh4/RAgx6iHQ==",
      "dependencies": {
        "phoenix": "1.6.7"
      }
    },
    "node_modules/phoenix": {
      "version": "1.6.7",
      "resolved": "https://registry.npmjs.org/phoenix/-/phoenix-1.6.7.tgz",
      "integrity": "sha512-vkwAcrtX0Xa6bZI1ZlNGf1VDVVd4DLTIOv+mnLUsewk1UNHBE+19M2jetfNdxdjn62P7FfFDRxgZ8PKB8RsClg=="
    }
  },
  "dependencies": {
    "@vex.dev/web-sdk": {
      "version": "2.0.1",
      "resolved": "https://registry.npmjs.org/@vex.dev/web-sdk/-/web-sdk-2.0.1.tgz",
      "integrity": "sha512-geQb4DVLGOTJsYFVOXHYApnW01c79Wv7EGMh27EGfzoMePyLSM5sL043239MjdiTNUsiwomRvfCh4/RAgx6iHQ==",
      "requires": {
        "phoenix": "1.6.7"
      }
    },
    "phoenix": {
      "version": "1.6.7",
      "resolved": "https://registry.npmjs.org/phoenix/-/phoenix-1.6.7.tgz",
      "integrity": "sha512-vkwAcrtX0Xa6bZI1ZlNGf1VDVVd4DLTIOv+mnLUsewk1UNHBE+19M2jetfNdxdjn62P7FfFDRxgZ8PKB8RsClg=="
    }
  }
}
